
Microsoft Visual Studio Solution File, Format Version 12.00
# Visual Studio Version 16
VisualStudioVersion = 16.0.29025.244
MinimumVisualStudioVersion = 10.0.40219.1
Project("{FAE04EC0-301F-11D3-BF4B-00C04F79EFBC}") = "PrototypeUI_1", "PrototypeUI_1.csproj", "{0BF8C175-CDA1-4E31-B273-698E29A9421C}"
EndProject
Project("{FAE04EC0-301F-11D3-BF4B-00C04F79EFBC}") = "WPFDemo", "..\WPFDemo\WPFDemo.csproj", "{48FCA3D6-B3A0-4179-A37E-38BD5C68056C}"
EndProject
Project("{FAE04EC0-301F-11D3-BF4B-00C04F79EFBC}") = "PrototypeService", "..\PrototypeService\PrototypeService.csproj", "{3252D9CC-20F5-464E-B3E8-4A950D6FAF40}"
EndProject
Project("{FAE04EC0-301F-11D3-BF4B-00C04F79EFBC}") = "PrototypeUI_2", "..\PrototypeUI_2\PrototypeUI_2.csproj", "{A8286D38-187A-4E15-AFD6-DF0507E2E018}"
EndProject
Global
	GlobalSection(SolutionConfigurationPlatforms) = preSolution
		Debug|Any CPU = Debug|Any CPU
		Release|Any CPU = Release|Any CPU
	EndGlobalSection
	GlobalSection(ProjectConfigurationPlatforms) = postSolution
		{0BF8C175-CDA1-4E31-B273-698E29A9421C}.Debug|Any CPU.ActiveCfg = Debug|Any CPU
		{0BF8C175-CDA1-4E31-B273-698E29A9421C}.Debug|Any CPU.Build.0 = Debug|Any CPU
		{0BF8C175-CDA1-4E31-B273-698E29A9421C}.Release|Any CPU.ActiveCfg = Release|Any CPU
		{0BF8C175-CDA1-4E31-B273-698E29A9421C}.Release|Any CPU.Build.0 = Release|Any CPU
		{48FCA3D6-B3A0-4179-A37E-38BD5C68056C}.Debug|Any CPU.ActiveCfg = Debug|Any CPU
		{48FCA3D6-B3A0-4179-A37E-38BD5C68056C}.Debug|Any CPU.Build.0 = Debug|Any CPU
		{48FCA3D6-B3A0-4179-A37E-38BD5C68056C}.Release|Any CPU.ActiveCfg = Release|Any CPU
		{48FCA3D6-B3A0-4179-A37E-38BD5C68056C}.Release|Any CPU.Build.0 = Release|Any CPU
		{3252D9CC-20F5-464E-B3E8-4A950D6FAF40}.Debug|Any CPU.ActiveCfg = Debug|Any CPU
		{3252D9CC-20F5-464E-B3E8-4A950D6FAF40}.Debug|Any CPU.Build.0 = Debug|Any CPU
		{3252D9CC-20F5-464E-B3E8-4A950D6FAF40}.Release|Any CPU.ActiveCfg = Release|Any CPU
		{3252D9CC-20F5-464E-B3E8-4A950D6FAF40}.Release|Any CPU.Build.0 = Release|Any CPU
		{A8286D38-187A-4E15-AFD6-DF0507E2E018}.Debug|Any CPU.ActiveCfg = Debug|Any CPU
		{A8286D38-187A-4E15-AFD6-DF0507E2E018}.Debug|Any CPU.Build.0 = Debug|Any CPU
		{A8286D38-187A-4E15-AFD6-DF0507E2E018}.Release|Any CPU.ActiveCfg = Release|Any CPU
		{A8286D38-187A-4E15-AFD6-DF0507E2E018}.Release|Any CPU.Build.0 = Release|Any CPU
	EndGlobalSection
	GlobalSection(SolutionProperties) = preSolution
		HideSolutionNode = FALSE
	EndGlobalSection
	GlobalSection(ExtensibilityGlobals) = postSolution
		SolutionGuid = {BF634F44-066A-4498-BE2D-5ABCD5B14CFE}
	EndGlobalSection
EndGlobal
